
Microsoft Visual Studio Solution File, Format Version 12.00
# Visual Studio Version 16
VisualStudioVersion = 16.0.31402.337
MinimumVisualStudioVersion = 10.0.40219.1
Project("{FAE04EC0-301F-11D3-BF4B-00C04F79EFBC}") = "ZtashiaCompanyFormApp", "WindowsFormsApp1\ZtashiaCompanyFormApp.csproj", "{DF581483-53B5-4082-9661-4685AF906305}"
EndProject
Global
	GlobalSection(SolutionConfigurationPlatforms) = preSolution
		Debug|Any CPU = Debug|Any CPU
		Release|Any CPU = Release|Any CPU
	EndGlobalSection
	GlobalSection(ProjectConfigurationPlatforms) = postSolution
		{DF581483-53B5-4082-9661-4685AF906305}.Debug|Any CPU.ActiveCfg = Debug|Any CPU
		{DF581483-53B5-4082-9661-4685AF906305}.Debug|Any CPU.Build.0 = Debug|Any CPU
		{DF581483-53B5-4082-9661-4685AF906305}.Release|Any CPU.ActiveCfg = Release|Any CPU
		{DF581483-53B5-4082-9661-4685AF906305}.Release|Any CPU.Build.0 = Release|Any CPU
	EndGlobalSection
	GlobalSection(SolutionProperties) = preSolution
		HideSolutionNode = FALSE
	EndGlobalSection
	GlobalSection(ExtensibilityGlobals) = postSolution
		SolutionGuid = {4A036B2F-984F-4EC8-9C26-EE46ACC1F905}
	EndGlobalSection
EndGlobal
